
Microsoft Visual Studio Solution File, Format Version 12.00
# Visual Studio 15
VisualStudioVersion = 15.0.28307.705
MinimumVisualStudioVersion = 10.0.40219.1
Project("{FAE04EC0-301F-11D3-BF4B-00C04F79EFBC}") = "AdventureWorks_With_Testing", "AdventureWorks_With_Testing\AdventureWorks_With_Testing.csproj", "{72380950-F992-4933-9F67-6500E9770715}"
EndProject
Project("{FAE04EC0-301F-11D3-BF4B-00C04F79EFBC}") = "AdventureWorks_With_Testing.Tests", "AdventureWorks_With_Testing.Tests\AdventureWorks_With_Testing.Tests.csproj", "{2D8E5EE7-8DAA-4486-B2F2-E14185F73389}"
EndProject
Global
	GlobalSection(SolutionConfigurationPlatforms) = preSolution
		Debug|Any CPU = Debug|Any CPU
		Release|Any CPU = Release|Any CPU
	EndGlobalSection
	GlobalSection(ProjectConfigurationPlatforms) = postSolution
		{72380950-F992-4933-9F67-6500E9770715}.Debug|Any CPU.ActiveCfg = Debug|Any CPU
		{72380950-F992-4933-9F67-6500E9770715}.Debug|Any CPU.Build.0 = Debug|Any CPU
		{72380950-F992-4933-9F67-6500E9770715}.Release|Any CPU.ActiveCfg = Release|Any CPU
		{72380950-F992-4933-9F67-6500E9770715}.Release|Any CPU.Build.0 = Release|Any CPU
		{2D8E5EE7-8DAA-4486-B2F2-E14185F73389}.Debug|Any CPU.ActiveCfg = Debug|Any CPU
		{2D8E5EE7-8DAA-4486-B2F2-E14185F73389}.Debug|Any CPU.Build.0 = Debug|Any CPU
		{2D8E5EE7-8DAA-4486-B2F2-E14185F73389}.Release|Any CPU.ActiveCfg = Release|Any CPU
		{2D8E5EE7-8DAA-4486-B2F2-E14185F73389}.Release|Any CPU.Build.0 = Release|Any CPU
	EndGlobalSection
	GlobalSection(SolutionProperties) = preSolution
		HideSolutionNode = FALSE
	EndGlobalSection
	GlobalSection(ExtensibilityGlobals) = postSolution
		SolutionGuid = {5AFA69DA-DD5F-4709-971A-EBF6CD5F94F9}
	EndGlobalSection
EndGlobal
